
Microsoft Visual Studio Solution File, Format Version 12.00
# Visual Studio Version 16
VisualStudioVersion = 16.0.30711.63
MinimumVisualStudioVersion = 10.0.40219.1
Project("{FAE04EC0-301F-11D3-BF4B-00C04F79EFBC}") = "DA_OnlineIDE", "DA_OnlineIDE\DA_OnlineIDE.csproj", "{763DAD73-9278-4703-8DA6-9D71CEE88359}"
EndProject
Global
	GlobalSection(SolutionConfigurationPlatforms) = preSolution
		Debug|Any CPU = Debug|Any CPU
		Release|Any CPU = Release|Any CPU
	EndGlobalSection
	GlobalSection(ProjectConfigurationPlatforms) = postSolution
		{763DAD73-9278-4703-8DA6-9D71CEE88359}.Debug|Any CPU.ActiveCfg = Debug|Any CPU
		{763DAD73-9278-4703-8DA6-9D71CEE88359}.Debug|Any CPU.Build.0 = Debug|Any CPU
		{763DAD73-9278-4703-8DA6-9D71CEE88359}.Release|Any CPU.ActiveCfg = Release|Any CPU
		{763DAD73-9278-4703-8DA6-9D71CEE88359}.Release|Any CPU.Build.0 = Release|Any CPU
	EndGlobalSection
	GlobalSection(SolutionProperties) = preSolution
		HideSolutionNode = FALSE
	EndGlobalSection
	GlobalSection(ExtensibilityGlobals) = postSolution
		SolutionGuid = {263F6674-AD70-4E31-9B26-E35AB02AD15D}
	EndGlobalSection
EndGlobal
